[[package]]
name = 'bridge_fungible_token'
source = 'member'
dependencies = [
    'bridge_fungible_token_abi',
    'contract_message_receiver',
    'std',
]

[[package]]
name = 'bridge_fungible_token_abi'
source = 'member'
dependencies = ['std']

[[package]]
name = 'contract_message_receiver'
source = 'path+from-root-0CFC8A61C9CDDC6E'
dependencies = ['std']

[[package]]
name = 'core'
source = 'path+from-root-3CB3840D8F59CE00'

[[package]]
name = 'std'
source = 'git+https://github.com/fuellabs/sway?rev#6b3ae49f934255d22ac1d31a179316f0e8749153'
dependencies = ['core']
