[[package]]
name = 'bridge_fungible_token'
source = 'member'
dependencies = [
    'bridge_fungible_token_abi',
    'contract_message_receiver',
    'std',
]

[[package]]
name = 'bridge_fungible_token_abi'
source = 'path+from-root-0CFC8A61C9CDDC6E'
dependencies = ['std']

[[package]]
name = 'contract_message_receiver'
source = 'path+from-root-0CFC8A61C9CDDC6E'
dependencies = ['std']

[[package]]
name = 'core'
source = 'path+from-root-639C7401F8B2F5B4'

[[package]]
name = 'std'
source = 'git+https://github.com/fuellabs/sway?rev#d299ff3aab5fd476e2a641117f602cf984ed3029'
dependencies = ['core']
