[[package]]
name = 'bridge_fungible_token'
source = 'root'
dependencies = [
    'bridge_fungible_token_abi',
    'contract_message_receiver',
    'std',
]

[[package]]
name = 'bridge_fungible_token_abi'
source = 'path+from-root-0CFC8A61C9CDDC6E'
dependencies = ['std']

[[package]]
name = 'contract_message_receiver'
source = 'path+from-root-0CFC8A61C9CDDC6E'
dependencies = ['std']

[[package]]
name = 'core'
source = 'path+from-root-01AD8BAA4D5BF6C3'
dependencies = []

[[package]]
name = 'std'
source = 'git+https://github.com/fuellabs/sway?tag=v0.24.4#f7800e18979dd8e4c8d672b8e7aae1758c2edb88'
dependencies = ['core']
